// !$*UTF8*$!
{
	archiveVersion = 1;
	classes = {
	};
	objectVersion = 56;
	objects = {

/* Begin PBXBuildFile section */
		8B8F972529F6DCB1000DE44C /* AppDelegate.swift in Sources */ = {isa = PBXBuildFile; fileRef = 8B8F972429F6DCB1000DE44C /* AppDelegate.swift */; };
		8B8F972729F6DCB1000DE44C /* SceneDelegate.swift in Sources */ = {isa = PBXBuildFile; fileRef = 8B8F972629F6DCB1000DE44C /* SceneDelegate.swift */; };
		8B8F972C29F6DCB1000DE44C /* Main.storyboard in Resources */ = {isa = PBXBuildFile; fileRef = 8B8F972A29F6DCB1000DE44C /* Main.storyboard */; };
		8B8F972E29F6DCB2000DE44C /* Assets.xcassets in Resources */ = {isa = PBXBuildFile; fileRef = 8B8F972D29F6DCB2000DE44C /* Assets.xcassets */; };
		8B8F973129F6DCB2000DE44C /* LaunchScreen.storyboard in Resources */ = {isa = PBXBuildFile; fileRef = 8B8F972F29F6DCB2000DE44C /* LaunchScreen.storyboard */; };
		8B8F974229F99567000DE44C /* WaitingListTableViewController.swift in Sources */ = {isa = PBXBuildFile; fileRef = 8B8F974129F99567000DE44C /* WaitingListTableViewController.swift */; };
		8B8F974429F99B46000DE44C /* WaitingList.swift in Sources */ = {isa = PBXBuildFile; fileRef = 8B8F974329F99B46000DE44C /* WaitingList.swift */; };
		8BC88F4C2A10D35400A45015 /* Developer.swift in Sources */ = {isa = PBXBuildFile; fileRef = 8BC88F492A10D35400A45015 /* Developer.swift */; };
		8BC88F4D2A10D35400A45015 /* Car.swift in Sources */ = {isa = PBXBuildFile; fileRef = 8BC88F4A2A10D35400A45015 /* Car.swift */; };
		8BC88F4E2A10D35400A45015 /* Parking.swift in Sources */ = {isa = PBXBuildFile; fileRef = 8BC88F4B2A10D35400A45015 /* Parking.swift */; };
		8BC88F502A10F06E00A45015 /* User.swift in Sources */ = {isa = PBXBuildFile; fileRef = 8BC88F4F2A10F06E00A45015 /* User.swift */; };
		8BC88F552A10F27600A45015 /* TeamViewController.swift in Sources */ = {isa = PBXBuildFile; fileRef = 8BC88F542A10F27600A45015 /* TeamViewController.swift */; };
		8BC88F572A10F2AC00A45015 /* TeamCollectionViewCell.swift in Sources */ = {isa = PBXBuildFile; fileRef = 8BC88F562A10F2AC00A45015 /* TeamCollectionViewCell.swift */; };
		8BC88F592A10F2F200A45015 /* Team.storyboard in Resources */ = {isa = PBXBuildFile; fileRef = 8BC88F582A10F2F100A45015 /* Team.storyboard */; };
		8BC88F5D2A10F4EA00A45015 /* DataStore.swift in Sources */ = {isa = PBXBuildFile; fileRef = 8BC88F5C2A10F4EA00A45015 /* DataStore.swift */; };
		8BC88F602A10F62E00A45015 /* MainViewController.swift in Sources */ = {isa = PBXBuildFile; fileRef = 8BC88F5F2A10F62E00A45015 /* MainViewController.swift */; };
		8BC88F632A10F7BD00A45015 /* WaitingList.storyboard in Resources */ = {isa = PBXBuildFile; fileRef = 8BC88F622A10F7BD00A45015 /* WaitingList.storyboard */; };
		8BC88F652A10FA0300A45015 /* LoginViewController.swift in Sources */ = {isa = PBXBuildFile; fileRef = 8BC88F642A10FA0300A45015 /* LoginViewController.swift */; };
/* End PBXBuildFile section */

/* Begin PBXFileReference section */
		8B8F972129F6DCB1000DE44C /* ParkEase.app */ = {isa = PBXFileReference; explicitFileType = wrapper.application; includeInIndex = 0; path = ParkEase.app; sourceTree = BUILT_PRODUCTS_DIR; };
		8B8F972429F6DCB1000DE44C /* AppDelegate.swift */ = {isa = PBXFileReference; lastKnownFileType = sourcecode.swift; path = AppDelegate.swift; sourceTree = "<group>"; };
		8B8F972629F6DCB1000DE44C /* SceneDelegate.swift */ = {isa = PBXFileReference; lastKnownFileType = sourcecode.swift; path = SceneDelegate.swift; sourceTree = "<group>"; };
		8B8F972B29F6DCB1000DE44C /* Base */ = {isa = PBXFileReference; lastKnownFileType = file.storyboard; name = Base; path = Base.lproj/Main.storyboard; sourceTree = "<group>"; };
		8B8F972D29F6DCB2000DE44C /* Assets.xcassets */ = {isa = PBXFileReference; lastKnownFileType = folder.assetcatalog; path = Assets.xcassets; sourceTree = "<group>"; };
		8B8F973029F6DCB2000DE44C /* Base */ = {isa = PBXFileReference; lastKnownFileType = file.storyboard; name = Base; path = Base.lproj/LaunchScreen.storyboard; sourceTree = "<group>"; };
		8B8F973229F6DCB2000DE44C /* Info.plist */ = {isa = PBXFileReference; lastKnownFileType = text.plist.xml; path = Info.plist; sourceTree = "<group>"; };
		8B8F974129F99567000DE44C /* WaitingListTableViewController.swift */ = {isa = PBXFileReference; lastKnownFileType = sourcecode.swift; path = WaitingListTableViewController.swift; sourceTree = "<group>"; };
		8B8F974329F99B46000DE44C /* WaitingList.swift */ = {isa = PBXFileReference; lastKnownFileType = sourcecode.swift; path = WaitingList.swift; sourceTree = "<group>"; };
		8BC88F492A10D35400A45015 /* Developer.swift */ = {isa = PBXFileReference; fileEncoding = 4; lastKnownFileType = sourcecode.swift; path = Developer.swift; sourceTree = "<group>"; };
		8BC88F4A2A10D35400A45015 /* Car.swift */ = {isa = PBXFileReference; fileEncoding = 4; lastKnownFileType = sourcecode.swift; path = Car.swift; sourceTree = "<group>"; };
		8BC88F4B2A10D35400A45015 /* Parking.swift */ = {isa = PBXFileReference; fileEncoding = 4; lastKnownFileType = sourcecode.swift; path = Parking.swift; sourceTree = "<group>"; };
		8BC88F4F2A10F06E00A45015 /* User.swift */ = {isa = PBXFileReference; lastKnownFileType = sourcecode.swift; path = User.swift; sourceTree = "<group>"; };
		8BC88F542A10F27600A45015 /* TeamViewController.swift */ = {isa = PBXFileReference; lastKnownFileType = sourcecode.swift; path = TeamViewController.swift; sourceTree = "<group>"; };
		8BC88F562A10F2AC00A45015 /* TeamCollectionViewCell.swift */ = {isa = PBXFileReference; lastKnownFileType = sourcecode.swift; path = TeamCollectionViewCell.swift; sourceTree = "<group>"; };
		8BC88F582A10F2F100A45015 /* Team.storyboard */ = {isa = PBXFileReference; lastKnownFileType = file.storyboard; path = Team.storyboard; sourceTree = "<group>"; };
		8BC88F5C2A10F4EA00A45015 /* DataStore.swift */ = {isa = PBXFileReference; lastKnownFileType = sourcecode.swift; path = DataStore.swift; sourceTree = "<group>"; };
		8BC88F5F2A10F62E00A45015 /* MainViewController.swift */ = {isa = PBXFileReference; lastKnownFileType = sourcecode.swift; path = MainViewController.swift; sourceTree = "<group>"; };
		8BC88F622A10F7BD00A45015 /* WaitingList.storyboard */ = {isa = PBXFileReference; lastKnownFileType = file.storyboard; path = WaitingList.storyboard; sourceTree = "<group>"; };
		8BC88F642A10FA0300A45015 /* LoginViewController.swift */ = {isa = PBXFileReference; lastKnownFileType = sourcecode.swift; path = LoginViewController.swift; sourceTree = "<group>"; };
/* End PBXFileReference section */

/* Begin PBXFrameworksBuildPhase section */
		8B8F971E29F6DCB1000DE44C /* Frameworks */ = {
			isa = PBXFrameworksBuildPhase;
			buildActionMask = 2147483647;
			files = (
			);
			runOnlyForDeploymentPostprocessing = 0;
		};
/* End PBXFrameworksBuildPhase section */

/* Begin PBXGroup section */
		8B8F971829F6DCB1000DE44C = {
			isa = PBXGroup;
			children = (
				8B8F972329F6DCB1000DE44C /* ParkEase */,
				8B8F972229F6DCB1000DE44C /* Products */,
			);
			sourceTree = "<group>";
		};
		8B8F972229F6DCB1000DE44C /* Products */ = {
			isa = PBXGroup;
			children = (
				8B8F972129F6DCB1000DE44C /* ParkEase.app */,
			);
			name = Products;
			sourceTree = "<group>";
		};
		8B8F972329F6DCB1000DE44C /* ParkEase */ = {
			isa = PBXGroup;
			children = (
				8BC88F5B2A10F48000A45015 /* DataManager */,
				8B8F973C29F6DD73000DE44C /* Models */,
				8B8F973929F6DD3C000DE44C /* ViewControllers */,
				8B8F973A29F6DD51000DE44C /* Storyboards */,
				8B8F973829F6DCF9000DE44C /* App */,
				8B8F973B29F6DD61000DE44C /* Resource */,
			);
			path = ParkEase;
			sourceTree = "<group>";
		};
		8B8F973829F6DCF9000DE44C /* App */ = {
			isa = PBXGroup;
			children = (
				8B8F972429F6DCB1000DE44C /* AppDelegate.swift */,
				8B8F972629F6DCB1000DE44C /* SceneDelegate.swift */,
				8B8F973229F6DCB2000DE44C /* Info.plist */,
			);
			path = App;
			sourceTree = "<group>";
		};
		8B8F973929F6DD3C000DE44C /* ViewControllers */ = {
			isa = PBXGroup;
			children = (
				8BC88F5E2A10F58800A45015 /* Main */,
				8BC88F512A10F1F900A45015 /* Team */,
				8BC88F612A10F6C800A45015 /* Login */,
				8BC88F5A2A10F3EB00A45015 /* WaitingList */,
			);
			path = ViewControllers;
			sourceTree = "<group>";
		};
		8B8F973A29F6DD51000DE44C /* Storyboards */ = {
			isa = PBXGroup;
			children = (
				8B8F972F29F6DCB2000DE44C /* LaunchScreen.storyboard */,
				8B8F972A29F6DCB1000DE44C /* Main.storyboard */,
				8BC88F582A10F2F100A45015 /* Team.storyboard */,
				8BC88F622A10F7BD00A45015 /* WaitingList.storyboard */,
			);
			path = Storyboards;
			sourceTree = "<group>";
		};
		8B8F973B29F6DD61000DE44C /* Resource */ = {
			isa = PBXGroup;
			children = (
				8B8F972D29F6DCB2000DE44C /* Assets.xcassets */,
			);
			path = Resource;
			sourceTree = "<group>";
		};
		8B8F973C29F6DD73000DE44C /* Models */ = {
			isa = PBXGroup;
			children = (
				8BC88F4A2A10D35400A45015 /* Car.swift */,
				8BC88F4B2A10D35400A45015 /* Parking.swift */,
				8BC88F492A10D35400A45015 /* Developer.swift */,
				8BC88F4F2A10F06E00A45015 /* User.swift */,
				8B8F974329F99B46000DE44C /* WaitingList.swift */,
			);
			path = Models;
			sourceTree = "<group>";
		};
		8BC88F512A10F1F900A45015 /* Team */ = {
			isa = PBXGroup;
			children = (
				8BC88F542A10F27600A45015 /* TeamViewController.swift */,
				8BC88F562A10F2AC00A45015 /* TeamCollectionViewCell.swift */,
			);
			path = Team;
			sourceTree = "<group>";
		};
		8BC88F5A2A10F3EB00A45015 /* WaitingList */ = {
			isa = PBXGroup;
			children = (
				8B8F974129F99567000DE44C /* WaitingListTableViewController.swift */,
			);
			path = WaitingList;
			sourceTree = "<group>";
		};
		8BC88F5B2A10F48000A45015 /* DataManager */ = {
			isa = PBXGroup;
			children = (
				8BC88F5C2A10F4EA00A45015 /* DataStore.swift */,
			);
			path = DataManager;
			sourceTree = "<group>";
		};
		8BC88F5E2A10F58800A45015 /* Main */ = {
			isa = PBXGroup;
			children = (
				8BC88F5F2A10F62E00A45015 /* MainViewController.swift */,
			);
			path = Main;
			sourceTree = "<group>";
		};
		8BC88F612A10F6C800A45015 /* Login */ = {
			isa = PBXGroup;
			children = (
				8BC88F642A10FA0300A45015 /* LoginViewController.swift */,
			);
			path = Login;
			sourceTree = "<group>";
		};
/* End PBXGroup section */

/* Begin PBXNativeTarget section */
		8B8F972029F6DCB1000DE44C /* ParkEase */ = {
			isa = PBXNativeTarget;
			buildConfigurationList = 8B8F973529F6DCB2000DE44C /* Build configuration list for PBXNativeTarget "ParkEase" */;
			buildPhases = (
				8B8F971D29F6DCB1000DE44C /* Sources */,
				8B8F971E29F6DCB1000DE44C /* Frameworks */,
				8B8F971F29F6DCB1000DE44C /* Resources */,
			);
			buildRules = (
			);
			dependencies = (
			);
			name = ParkEase;
			productName = ParkEase;
			productReference = 8B8F972129F6DCB1000DE44C /* ParkEase.app */;
			productType = "com.apple.product-type.application";
		};
/* End PBXNativeTarget section */

/* Begin PBXProject section */
		8B8F971929F6DCB1000DE44C /* Project object */ = {
			isa = PBXProject;
			attributes = {
				BuildIndependentTargetsInParallel = 1;
				LastSwiftUpdateCheck = 1430;
				LastUpgradeCheck = 1430;
				TargetAttributes = {
					8B8F972029F6DCB1000DE44C = {
						CreatedOnToolsVersion = 14.3;
					};
				};
			};
			buildConfigurationList = 8B8F971C29F6DCB1000DE44C /* Build configuration list for PBXProject "ParkEase" */;
			compatibilityVersion = "Xcode 14.0";
			developmentRegion = en;
			hasScannedForEncodings = 0;
			knownRegions = (
				en,
				Base,
			);
			mainGroup = 8B8F971829F6DCB1000DE44C;
			productRefGroup = 8B8F972229F6DCB1000DE44C /* Products */;
			projectDirPath = "";
			projectRoot = "";
			targets = (
				8B8F972029F6DCB1000DE44C /* ParkEase */,
			);
		};
/* End PBXProject section */

/* Begin PBXResourcesBuildPhase section */
		8B8F971F29F6DCB1000DE44C /* Resources */ = {
			isa = PBXResourcesBuildPhase;
			buildActionMask = 2147483647;
			files = (
				8B8F973129F6DCB2000DE44C /* LaunchScreen.storyboard in Resources */,
				8BC88F592A10F2F200A45015 /* Team.storyboard in Resources */,
				8B8F972E29F6DCB2000DE44C /* Assets.xcassets in Resources */,
				8BC88F632A10F7BD00A45015 /* WaitingList.storyboard in Resources */,
				8B8F972C29F6DCB1000DE44C /* Main.storyboard in Resources */,
			);
			runOnlyForDeploymentPostprocessing = 0;
		};
/* End PBXResourcesBuildPhase section */

/* Begin PBXSourcesBuildPhase section */
		8B8F971D29F6DCB1000DE44C /* Sources */ = {
			isa = PBXSourcesBuildPhase;
			buildActionMask = 2147483647;
			files = (
				8BC88F5D2A10F4EA00A45015 /* DataStore.swift in Sources */,
				8B8F974429F99B46000DE44C /* WaitingList.swift in Sources */,
				8BC88F4D2A10D35400A45015 /* Car.swift in Sources */,
				8BC88F602A10F62E00A45015 /* MainViewController.swift in Sources */,
				8B8F972529F6DCB1000DE44C /* AppDelegate.swift in Sources */,
				8BC88F4E2A10D35400A45015 /* Parking.swift in Sources */,
				8BC88F502A10F06E00A45015 /* User.swift in Sources */,
				8B8F974229F99567000DE44C /* WaitingListTableViewController.swift in Sources */,
				8B8F972729F6DCB1000DE44C /* SceneDelegate.swift in Sources */,
				8BC88F572A10F2AC00A45015 /* TeamCollectionViewCell.swift in Sources */,
				8BC88F4C2A10D35400A45015 /* Developer.swift in Sources */,
				8BC88F652A10FA0300A45015 /* LoginViewController.swift in Sources */,
				8BC88F552A10F27600A45015 /* TeamViewController.swift in Sources */,
			);
			runOnlyForDeploymentPostprocessing = 0;
		};
/* End PBXSourcesBuildPhase section */

/* Begin PBXVariantGroup section */
		8B8F972A29F6DCB1000DE44C /* Main.storyboard */ = {
			isa = PBXVariantGroup;
			children = (
				8B8F972B29F6DCB1000DE44C /* Base */,
			);
			name = Main.storyboard;
			sourceTree = "<group>";
		};
		8B8F972F29F6DCB2000DE44C /* LaunchScreen.storyboard */ = {
			isa = PBXVariantGroup;
			children = (
				8B8F973029F6DCB2000DE44C /* Base */,
			);
			name = LaunchScreen.storyboard;
			sourceTree = "<group>";
		};
/* End PBXVariantGroup section */

/* Begin XCBuildConfiguration section */
		8B8F973329F6DCB2000DE44C /* Debug */ = {
			isa = XCBuildConfiguration;
			buildSettings = {
				ALWAYS_SEARCH_USER_PATHS = NO;
				CLANG_ANALYZER_NONNULL = YES;
				CLANG_ANALYZER_NUMBER_OBJECT_CONVERSION = YES_AGGRESSIVE;
				CLANG_CXX_LANGUAGE_STANDARD = "gnu++20";
				CLANG_ENABLE_MODULES = YES;
				CLANG_ENABLE_OBJC_ARC = YES;
				CLANG_ENABLE_OBJC_WEAK = YES;
				CLANG_WARN_BLOCK_CAPTURE_AUTORELEASING = YES;
				CLANG_WARN_BOOL_CONVERSION = YES;
				CLANG_WARN_COMMA = YES;
				CLANG_WARN_CONSTANT_CONVERSION = YES;
				CLANG_WARN_DEPRECATED_OBJC_IMPLEMENTATIONS = YES;
				CLANG_WARN_DIRECT_OBJC_ISA_USAGE = YES_ERROR;
				CLANG_WARN_DOCUMENTATION_COMMENTS = YES;
				CLANG_WARN_EMPTY_BODY = YES;
				CLANG_WARN_ENUM_CONVERSION = YES;
				CLANG_WARN_INFINITE_RECURSION = YES;
				CLANG_WARN_INT_CONVERSION = YES;
				CLANG_WARN_NON_LITERAL_NULL_CONVERSION = YES;
				CLANG_WARN_OBJC_IMPLICIT_RETAIN_SELF = YES;
				CLANG_WARN_OBJC_LITERAL_CONVERSION = YES;
				CLANG_WARN_OBJC_ROOT_CLASS = YES_ERROR;
				CLANG_WARN_QUOTED_INCLUDE_IN_FRAMEWORK_HEADER = YES;
				CLANG_WARN_RANGE_LOOP_ANALYSIS = YES;
				CLANG_WARN_STRICT_PROTOTYPES = YES;
				CLANG_WARN_SUSPICIOUS_MOVE = YES;
				CLANG_WARN_UNGUARDED_AVAILABILITY = YES_AGGRESSIVE;
				CLANG_WARN_UNREACHABLE_CODE = YES;
				CLANG_WARN__DUPLICATE_METHOD_MATCH = YES;
				COPY_PHASE_STRIP = NO;
				DEBUG_INFORMATION_FORMAT = dwarf;
				ENABLE_STRICT_OBJC_MSGSEND = YES;
				ENABLE_TESTABILITY = YES;
				GCC_C_LANGUAGE_STANDARD = gnu11;
				GCC_DYNAMIC_NO_PIC = NO;
				GCC_NO_COMMON_BLOCKS = YES;
				GCC_OPTIMIZATION_LEVEL = 0;
				GCC_PREPROCESSOR_DEFINITIONS = (
					"DEBUG=1",
					"$(inherited)",
				);
				GCC_WARN_64_TO_32_BIT_CONVERSION = YES;
				GCC_WARN_ABOUT_RETURN_TYPE = YES_ERROR;
				GCC_WARN_UNDECLARED_SELECTOR = YES;
				GCC_WARN_UNINITIALIZED_AUTOS = YES_AGGRESSIVE;
				GCC_WARN_UNUSED_FUNCTION = YES;
				GCC_WARN_UNUSED_VARIABLE = YES;
				IPHONEOS_DEPLOYMENT_TARGET = 16.4;
				MTL_ENABLE_DEBUG_INFO = INCLUDE_SOURCE;
				MTL_FAST_MATH = YES;
				ONLY_ACTIVE_ARCH = YES;
				SDKROOT = iphoneos;
				SWIFT_ACTIVE_COMPILATION_CONDITIONS = DEBUG;
				SWIFT_OPTIMIZATION_LEVEL = "-Onone";
			};
			name = Debug;
		};
		8B8F973429F6DCB2000DE44C /* Release */ = {
			isa = XCBuildConfiguration;
			buildSettings = {
				ALWAYS_SEARCH_USER_PATHS = NO;
				CLANG_ANALYZER_NONNULL = YES;
				CLANG_ANALYZER_NUMBER_OBJECT_CONVERSION = YES_AGGRESSIVE;
				CLANG_CXX_LANGUAGE_STANDARD = "gnu++20";
				CLANG_ENABLE_MODULES = YES;
				CLANG_ENABLE_OBJC_ARC = YES;
				CLANG_ENABLE_OBJC_WEAK = YES;
				CLANG_WARN_BLOCK_CAPTURE_AUTORELEASING = YES;
				CLANG_WARN_BOOL_CONVERSION = YES;
				CLANG_WARN_COMMA = YES;
				CLANG_WARN_CONSTANT_CONVERSION = YES;
				CLANG_WARN_DEPRECATED_OBJC_IMPLEMENTATIONS = YES;
				CLANG_WARN_DIRECT_OBJC_ISA_USAGE = YES_ERROR;
				CLANG_WARN_DOCUMENTATION_COMMENTS = YES;
				CLANG_WARN_EMPTY_BODY = YES;
				CLANG_WARN_ENUM_CONVERSION = YES;
				CLANG_WARN_INFINITE_RECURSION = YES;
				CLANG_WARN_INT_CONVERSION = YES;
				CLANG_WARN_NON_LITERAL_NULL_CONVERSION = YES;
				CLANG_WARN_OBJC_IMPLICIT_RETAIN_SELF = YES;
				CLANG_WARN_OBJC_LITERAL_CONVERSION = YES;
				CLANG_WARN_OBJC_ROOT_CLASS = YES_ERROR;
				CLANG_WARN_QUOTED_INCLUDE_IN_FRAMEWORK_HEADER = YES;
				CLANG_WARN_RANGE_LOOP_ANALYSIS = YES;
				CLANG_WARN_STRICT_PROTOTYPES = YES;
				CLANG_WARN_SUSPICIOUS_MOVE = YES;
				CLANG_WARN_UNGUARDED_AVAILABILITY = YES_AGGRESSIVE;
				CLANG_WARN_UNREACHABLE_CODE = YES;
				CLANG_WARN__DUPLICATE_METHOD_MATCH = YES;
				COPY_PHASE_STRIP = NO;
				DEBUG_INFORMATION_FORMAT = "dwarf-with-dsym";
				ENABLE_NS_ASSERTIONS = NO;
				ENABLE_STRICT_OBJC_MSGSEND = YES;
				GCC_C_LANGUAGE_STANDARD = gnu11;
				GCC_NO_COMMON_BLOCKS = YES;
				GCC_WARN_64_TO_32_BIT_CONVERSION = YES;
				GCC_WARN_ABOUT_RETURN_TYPE = YES_ERROR;
				GCC_WARN_UNDECLARED_SELECTOR = YES;
				GCC_WARN_UNINITIALIZED_AUTOS = YES_AGGRESSIVE;
				GCC_WARN_UNUSED_FUNCTION = YES;
				GCC_WARN_UNUSED_VARIABLE = YES;
				IPHONEOS_DEPLOYMENT_TARGET = 16.4;
				MTL_ENABLE_DEBUG_INFO = NO;
				MTL_FAST_MATH = YES;
				SDKROOT = iphoneos;
				SWIFT_COMPILATION_MODE = wholemodule;
				SWIFT_OPTIMIZATION_LEVEL = "-O";
				VALIDATE_PRODUCT = YES;
			};
			name = Release;
		};
		8B8F973629F6DCB2000DE44C /* Debug */ = {
			isa = XCBuildConfiguration;
			buildSettings = {
				ASSETCATALOG_COMPILER_APPICON_NAME = AppIcon;
				ASSETCATALOG_COMPILER_GLOBAL_ACCENT_COLOR_NAME = AccentColor;
				CODE_SIGN_STYLE = Automatic;
				CURRENT_PROJECT_VERSION = 1;
				DEVELOPMENT_TEAM = 5JLFFB6Q5M;
				GENERATE_INFOPLIST_FILE = YES;
				INFOPLIST_FILE = ParkEase/App/Info.plist;
				INFOPLIST_KEY_UIApplicationSupportsIndirectInputEvents = YES;
				INFOPLIST_KEY_UILaunchStoryboardName = LaunchScreen;
				INFOPLIST_KEY_UIMainStoryboardFile = Main;
				INFOPLIST_KEY_UISupportedInterfaceOrientations = UIInterfaceOrientationPortrait;
				INFOPLIST_KEY_UISupportedInterfaceOrientations_iPad = "UIInterfaceOrientationLandscapeLeft UIInterfaceOrientationLandscapeRight UIInterfaceOrientationPortrait UIInterfaceOrientationPortraitUpsideDown";
				LD_RUNPATH_SEARCH_PATHS = (
					"$(inherited)",
					"@executable_path/Frameworks",
				);
				MARKETING_VERSION = 1.0;
				PRODUCT_BUNDLE_IDENTIFIER = polyus.ParkEase;
				PRODUCT_NAME = "$(TARGET_NAME)";
				SUPPORTED_PLATFORMS = "iphoneos iphonesimulator";
				SUPPORTS_MACCATALYST = NO;
				SUPPORTS_MAC_DESIGNED_FOR_IPHONE_IPAD = NO;
				SWIFT_EMIT_LOC_STRINGS = YES;
				SWIFT_VERSION = 5.0;
				TARGETED_DEVICE_FAMILY = 1;
			};
			name = Debug;
		};
		8B8F973729F6DCB2000DE44C /* Release */ = {
			isa = XCBuildConfiguration;
			buildSettings = {
				ASSETCATALOG_COMPILER_APPICON_NAME = AppIcon;
				ASSETCATALOG_COMPILER_GLOBAL_ACCENT_COLOR_NAME = AccentColor;
				CODE_SIGN_STYLE = Automatic;
				CURRENT_PROJECT_VERSION = 1;
				DEVELOPMENT_TEAM = 5JLFFB6Q5M;
				GENERATE_INFOPLIST_FILE = YES;
				INFOPLIST_FILE = ParkEase/App/Info.plist;
				INFOPLIST_KEY_UIApplicationSupportsIndirectInputEvents = YES;
				INFOPLIST_KEY_UILaunchStoryboardName = LaunchScreen;
				INFOPLIST_KEY_UIMainStoryboardFile = Main;
				INFOPLIST_KEY_UISupportedInterfaceOrientations = UIInterfaceOrientationPortrait;
				INFOPLIST_KEY_UISupportedInterfaceOrientations_iPad = "UIInterfaceOrientationLandscapeLeft UIInterfaceOrientationLandscapeRight UIInterfaceOrientationPortrait UIInterfaceOrientationPortraitUpsideDown";
				LD_RUNPATH_SEARCH_PATHS = (
					"$(inherited)",
					"@executable_path/Frameworks",
				);
				MARKETING_VERSION = 1.0;
				PRODUCT_BUNDLE_IDENTIFIER = polyus.ParkEase;
				PRODUCT_NAME = "$(TARGET_NAME)";
				SUPPORTED_PLATFORMS = "iphoneos iphonesimulator";
				SUPPORTS_MACCATALYST = NO;
				SUPPORTS_MAC_DESIGNED_FOR_IPHONE_IPAD = NO;
				SWIFT_EMIT_LOC_STRINGS = YES;
				SWIFT_VERSION = 5.0;
				TARGETED_DEVICE_FAMILY = 1;
			};
			name = Release;
		};
/* End XCBuildConfiguration section */

/* Begin XCConfigurationList section */
		8B8F971C29F6DCB1000DE44C /* Build configuration list for PBXProject "ParkEase" */ = {
			isa = XCConfigurationList;
			buildConfigurations = (
				8B8F973329F6DCB2000DE44C /* Debug */,
				8B8F973429F6DCB2000DE44C /* Release */,
			);
			defaultConfigurationIsVisible = 0;
			defaultConfigurationName = Release;
		};
		8B8F973529F6DCB2000DE44C /* Build configuration list for PBXNativeTarget "ParkEase" */ = {
			isa = XCConfigurationList;
			buildConfigurations = (
				8B8F973629F6DCB2000DE44C /* Debug */,
				8B8F973729F6DCB2000DE44C /* Release */,
			);
			defaultConfigurationIsVisible = 0;
			defaultConfigurationName = Release;
		};
/* End XCConfigurationList section */
	};
	rootObject = 8B8F971929F6DCB1000DE44C /* Project object */;
}
